{
  "originHash" : "0256572207f607d4221affcc9a43513d1314dae73de0463c1884b7ab18f91614",
  "pins" : [
    {
      "identity" : "swift-argument-parser",
      "kind" : "remoteSourceControl",
      "location" : "https://github.com/apple/swift-argument-parser.git",
      "state" : {
        "revision" : "6a52f3251125d74daf04fcbd5e6f08a75d074382",
        "version" : "1.8.2"
      }
    }
  ],
  "version" : 3
}
