// !$*UTF8*$!
{
	archiveVersion = 1;
	classes = {
	};
	objectVersion = 77;
	objects = {

/* Begin PBXBuildFile section */
		01B990B45B6506554B70F839 /* LaunchAgentController.swift in Sources */ = {isa = PBXBuildFile; fileRef = 7F5CB78FA03B38EBC18A2CDD /* LaunchAgentController.swift */; };
		1CB23205E3BFE4D5437BB378 /* Sparkle in Frameworks */ = {isa = PBXBuildFile; productRef = 6035E49ADA7615C2C91D22D8 /* Sparkle */; };
		249756768EA768C7F125D374 /* MarkwaySidebar.swift in Sources */ = {isa = PBXBuildFile; fileRef = BA5BD2D5700625B8CEA82639 /* MarkwaySidebar.swift */; };
		289C736162DE491E5C70A2DA /* MarkwayTheme.swift in Sources */ = {isa = PBXBuildFile; fileRef = D50335ED743EAD95C0B7269F /* MarkwayTheme.swift */; };
		44EF05AE4340274F266DC0A3 /* JournalAccessChecker.swift in Sources */ = {isa = PBXBuildFile; fileRef = 10862DE9F85FC45B65239B79 /* JournalAccessChecker.swift */; };
		6828241E4172D336354C66AA /* Assets.xcassets in Resources */ = {isa = PBXBuildFile; fileRef = AE344D4376FE9F743347071E /* Assets.xcassets */; };
		7D04FFB92D7D252A6B4BE3B8 /* MarkwayLogReader.swift in Sources */ = {isa = PBXBuildFile; fileRef = 88A496908FC4AE296D6E2D06 /* MarkwayLogReader.swift */; };
		9026A4521015DB3E76541E32 /* MarkwayCore in Frameworks */ = {isa = PBXBuildFile; productRef = 60CE89BDF6C87A295C7E9F81 /* MarkwayCore */; };
		98618B5742D9B5EBE0FFC85A /* MarkwayUpdater.swift in Sources */ = {isa = PBXBuildFile; fileRef = 17641B765A2D021922E8D3AA /* MarkwayUpdater.swift */; };
		A020E9483EE2863C45B2BB92 /* MarkwayPages.swift in Sources */ = {isa = PBXBuildFile; fileRef = B559D8F23C8188B9BCC139DB /* MarkwayPages.swift */; };
		CE64E5C06A73EC51E12C23E3 /* MarkwayApp.swift in Sources */ = {isa = PBXBuildFile; fileRef = E5A8F6CA1B4AC36A032ADA65 /* MarkwayApp.swift */; };
		D8087071EE34A3261114543B /* CommandLineToolInstaller.swift in Sources */ = {isa = PBXBuildFile; fileRef = 0FA44B53C9FBF2D8870B430A /* CommandLineToolInstaller.swift */; };
		DB7353981FF070A49726B7A0 /* ContentView.swift in Sources */ = {isa = PBXBuildFile; fileRef = FE4120F502F43EAEE116D8A4 /* ContentView.swift */; };
		FBA92321277519576E965FDC /* MarkwaySection.swift in Sources */ = {isa = PBXBuildFile; fileRef = B1CD47D19655C2171C8E9412 /* MarkwaySection.swift */; };
/* End PBXBuildFile section */

/* Begin PBXFileReference section */
		0FA44B53C9FBF2D8870B430A /* CommandLineToolInstaller.swift */ = {isa = PBXFileReference; lastKnownFileType = sourcecode.swift; path = CommandLineToolInstaller.swift; sourceTree = "<group>"; };
		10862DE9F85FC45B65239B79 /* JournalAccessChecker.swift */ = {isa = PBXFileReference; lastKnownFileType = sourcecode.swift; path = JournalAccessChecker.swift; sourceTree = "<group>"; };
		17641B765A2D021922E8D3AA /* MarkwayUpdater.swift */ = {isa = PBXFileReference; lastKnownFileType = sourcecode.swift; path = MarkwayUpdater.swift; sourceTree = "<group>"; };
		3C0660685B2B7E5E0BE47B9B /* Info.plist */ = {isa = PBXFileReference; lastKnownFileType = text.plist; path = Info.plist; sourceTree = "<group>"; };
		7213FA3ECF010BFFF04C3DAE /* Markway.app */ = {isa = PBXFileReference; explicitFileType = wrapper.application; includeInIndex = 0; path = Markway.app; sourceTree = BUILT_PRODUCTS_DIR; };
		7F5CB78FA03B38EBC18A2CDD /* LaunchAgentController.swift */ = {isa = PBXFileReference; lastKnownFileType = sourcecode.swift; path = LaunchAgentController.swift; sourceTree = "<group>"; };
		88A496908FC4AE296D6E2D06 /* MarkwayLogReader.swift */ = {isa = PBXFileReference; lastKnownFileType = sourcecode.swift; path = MarkwayLogReader.swift; sourceTree = "<group>"; };
		AE344D4376FE9F743347071E /* Assets.xcassets */ = {isa = PBXFileReference; lastKnownFileType = folder.assetcatalog; path = Assets.xcassets; sourceTree = "<group>"; };
		B1CD47D19655C2171C8E9412 /* MarkwaySection.swift */ = {isa = PBXFileReference; lastKnownFileType = sourcecode.swift; path = MarkwaySection.swift; sourceTree = "<group>"; };
		B36FDFFF5DA0D45971A3CD45 /* markway */ = {isa = PBXFileReference; lastKnownFileType = folder; name = markway; path = .; sourceTree = SOURCE_ROOT; };
		B559D8F23C8188B9BCC139DB /* MarkwayPages.swift */ = {isa = PBXFileReference; lastKnownFileType = sourcecode.swift; path = MarkwayPages.swift; sourceTree = "<group>"; };
		BA5BD2D5700625B8CEA82639 /* MarkwaySidebar.swift */ = {isa = PBXFileReference; lastKnownFileType = sourcecode.swift; path = MarkwaySidebar.swift; sourceTree = "<group>"; };
		D50335ED743EAD95C0B7269F /* MarkwayTheme.swift */ = {isa = PBXFileReference; lastKnownFileType = sourcecode.swift; path = MarkwayTheme.swift; sourceTree = "<group>"; };
		E5A8F6CA1B4AC36A032ADA65 /* MarkwayApp.swift */ = {isa = PBXFileReference; lastKnownFileType = sourcecode.swift; path = MarkwayApp.swift; sourceTree = "<group>"; };
		FE4120F502F43EAEE116D8A4 /* ContentView.swift */ = {isa = PBXFileReference; lastKnownFileType = sourcecode.swift; path = ContentView.swift; sourceTree = "<group>"; };
/* End PBXFileReference section */

/* Begin PBXFrameworksBuildPhase section */
		EC359690C2BE724533547AC2 /* Frameworks */ = {
			isa = PBXFrameworksBuildPhase;
			buildActionMask = 2147483647;
			files = (
				9026A4521015DB3E76541E32 /* MarkwayCore in Frameworks */,
				1CB23205E3BFE4D5437BB378 /* Sparkle in Frameworks */,
			);
			runOnlyForDeploymentPostprocessing = 0;
		};
/* End PBXFrameworksBuildPhase section */

/* Begin PBXGroup section */
		3569F2EFE40A0F45C951078F /* Products */ = {
			isa = PBXGroup;
			children = (
				7213FA3ECF010BFFF04C3DAE /* Markway.app */,
			);
			name = Products;
			sourceTree = "<group>";
		};
		36B20C678CBA1482737B1633 /* MarkwayMac */ = {
			isa = PBXGroup;
			children = (
				AE344D4376FE9F743347071E /* Assets.xcassets */,
				0FA44B53C9FBF2D8870B430A /* CommandLineToolInstaller.swift */,
				FE4120F502F43EAEE116D8A4 /* ContentView.swift */,
				3C0660685B2B7E5E0BE47B9B /* Info.plist */,
				10862DE9F85FC45B65239B79 /* JournalAccessChecker.swift */,
				7F5CB78FA03B38EBC18A2CDD /* LaunchAgentController.swift */,
				E5A8F6CA1B4AC36A032ADA65 /* MarkwayApp.swift */,
				88A496908FC4AE296D6E2D06 /* MarkwayLogReader.swift */,
				B559D8F23C8188B9BCC139DB /* MarkwayPages.swift */,
				B1CD47D19655C2171C8E9412 /* MarkwaySection.swift */,
				BA5BD2D5700625B8CEA82639 /* MarkwaySidebar.swift */,
				D50335ED743EAD95C0B7269F /* MarkwayTheme.swift */,
				17641B765A2D021922E8D3AA /* MarkwayUpdater.swift */,
			);
			name = MarkwayMac;
			path = Apps/MarkwayMac;
			sourceTree = "<group>";
		};
		5FDBC982328B2FD6E73420F4 = {
			isa = PBXGroup;
			children = (
				36B20C678CBA1482737B1633 /* MarkwayMac */,
				CC925F5018ECB0A603B1402C /* Packages */,
				3569F2EFE40A0F45C951078F /* Products */,
			);
			sourceTree = "<group>";
		};
		CC925F5018ECB0A603B1402C /* Packages */ = {
			isa = PBXGroup;
			children = (
				B36FDFFF5DA0D45971A3CD45 /* markway */,
			);
			name = Packages;
			sourceTree = "<group>";
		};
/* End PBXGroup section */

/* Begin PBXNativeTarget section */
		1E73ACBB8238389352C21BAE /* Markway */ = {
			isa = PBXNativeTarget;
			buildConfigurationList = 56A6179AA68A3A4E7C20A00A /* Build configuration list for PBXNativeTarget "Markway" */;
			buildPhases = (
				0100F18764BA5D0272C84BEA /* Sources */,
				7A0F5844BDF283D67E31C331 /* Resources */,
				EC359690C2BE724533547AC2 /* Frameworks */,
				3BE3F4913B80697728F05A59 /* Copy Bundle Helpers */,
			);
			buildRules = (
			);
			dependencies = (
			);
			name = Markway;
			packageProductDependencies = (
				60CE89BDF6C87A295C7E9F81 /* MarkwayCore */,
				6035E49ADA7615C2C91D22D8 /* Sparkle */,
			);
			productName = Markway;
			productReference = 7213FA3ECF010BFFF04C3DAE /* Markway.app */;
			productType = "com.apple.product-type.application";
		};
/* End PBXNativeTarget section */

/* Begin PBXProject section */
		4D234DF3D64EBEC502A36F26 /* Project object */ = {
			isa = PBXProject;
			attributes = {
				BuildIndependentTargetsInParallel = YES;
				LastUpgradeCheck = 1430;
				TargetAttributes = {
					1E73ACBB8238389352C21BAE = {
						DevelopmentTeam = KVGD368RNR;
						ProvisioningStyle = Automatic;
					};
				};
			};
			buildConfigurationList = 3473942D76F5DCC83D17631E /* Build configuration list for PBXProject "Markway" */;
			developmentRegion = en;
			hasScannedForEncodings = 0;
			knownRegions = (
				Base,
				en,
			);
			mainGroup = 5FDBC982328B2FD6E73420F4;
			minimizedProjectReferenceProxies = 1;
			packageReferences = (
				60994BC82DA97E69B233668B /* XCRemoteSwiftPackageReference "Sparkle" */,
				D220BBE6C64CCAF4AF0FE617 /* XCLocalSwiftPackageReference "." */,
			);
			preferredProjectObjectVersion = 77;
			productRefGroup = 3569F2EFE40A0F45C951078F /* Products */;
			projectDirPath = "";
			projectRoot = "";
			targets = (
				1E73ACBB8238389352C21BAE /* Markway */,
			);
		};
/* End PBXProject section */

/* Begin PBXResourcesBuildPhase section */
		7A0F5844BDF283D67E31C331 /* Resources */ = {
			isa = PBXResourcesBuildPhase;
			buildActionMask = 2147483647;
			files = (
				6828241E4172D336354C66AA /* Assets.xcassets in Resources */,
			);
			runOnlyForDeploymentPostprocessing = 0;
		};
/* End PBXResourcesBuildPhase section */

/* Begin PBXShellScriptBuildPhase section */
		3BE3F4913B80697728F05A59 /* Copy Bundle Helpers */ = {
			isa = PBXShellScriptBuildPhase;
			alwaysOutOfDate = 1;
			buildActionMask = 2147483647;
			files = (
			);
			inputFileListPaths = (
			);
			inputPaths = (
			);
			name = "Copy Bundle Helpers";
			outputFileListPaths = (
			);
			outputPaths = (
			);
			runOnlyForDeploymentPostprocessing = 0;
			shellPath = /bin/sh;
			shellScript = Scripts/copy_journal_helper.zsh;
		};
/* End PBXShellScriptBuildPhase section */

/* Begin PBXSourcesBuildPhase section */
		0100F18764BA5D0272C84BEA /* Sources */ = {
			isa = PBXSourcesBuildPhase;
			buildActionMask = 2147483647;
			files = (
				D8087071EE34A3261114543B /* CommandLineToolInstaller.swift in Sources */,
				DB7353981FF070A49726B7A0 /* ContentView.swift in Sources */,
				44EF05AE4340274F266DC0A3 /* JournalAccessChecker.swift in Sources */,
				01B990B45B6506554B70F839 /* LaunchAgentController.swift in Sources */,
				CE64E5C06A73EC51E12C23E3 /* MarkwayApp.swift in Sources */,
				7D04FFB92D7D252A6B4BE3B8 /* MarkwayLogReader.swift in Sources */,
				A020E9483EE2863C45B2BB92 /* MarkwayPages.swift in Sources */,
				FBA92321277519576E965FDC /* MarkwaySection.swift in Sources */,
				249756768EA768C7F125D374 /* MarkwaySidebar.swift in Sources */,
				289C736162DE491E5C70A2DA /* MarkwayTheme.swift in Sources */,
				98618B5742D9B5EBE0FFC85A /* MarkwayUpdater.swift in Sources */,
			);
			runOnlyForDeploymentPostprocessing = 0;
		};
/* End PBXSourcesBuildPhase section */

/* Begin XCBuildConfiguration section */
		5AA2D898F28AE0ED2770E07B /* Debug */ = {
			isa = XCBuildConfiguration;
			buildSettings = {
				ALWAYS_SEARCH_USER_PATHS = NO;
				CLANG_ANALYZER_NONNULL = YES;
				CLANG_ANALYZER_NUMBER_OBJECT_CONVERSION = YES_AGGRESSIVE;
				CLANG_CXX_LANGUAGE_STANDARD = "gnu++14";
				CLANG_CXX_LIBRARY = "libc++";
				CLANG_ENABLE_MODULES = YES;
				CLANG_ENABLE_OBJC_ARC = YES;
				CLANG_ENABLE_OBJC_WEAK = YES;
				CLANG_WARN_BLOCK_CAPTURE_AUTORELEASING = YES;
				CLANG_WARN_BOOL_CONVERSION = YES;
				CLANG_WARN_COMMA = YES;
				CLANG_WARN_CONSTANT_CONVERSION = YES;
				CLANG_WARN_DEPRECATED_OBJC_IMPLEMENTATIONS = YES;
				CLANG_WARN_DIRECT_OBJC_ISA_USAGE = YES_ERROR;
				CLANG_WARN_DOCUMENTATION_COMMENTS = YES;
				CLANG_WARN_EMPTY_BODY = YES;
				CLANG_WARN_ENUM_CONVERSION = YES;
				CLANG_WARN_INFINITE_RECURSION = YES;
				CLANG_WARN_INT_CONVERSION = YES;
				CLANG_WARN_NON_LITERAL_NULL_CONVERSION = YES;
				CLANG_WARN_OBJC_IMPLICIT_RETAIN_SELF = YES;
				CLANG_WARN_OBJC_LITERAL_CONVERSION = YES;
				CLANG_WARN_OBJC_ROOT_CLASS = YES_ERROR;
				CLANG_WARN_QUOTED_INCLUDE_IN_FRAMEWORK_HEADER = YES;
				CLANG_WARN_RANGE_LOOP_ANALYSIS = YES;
				CLANG_WARN_STRICT_PROTOTYPES = YES;
				CLANG_WARN_SUSPICIOUS_MOVE = YES;
				CLANG_WARN_UNGUARDED_AVAILABILITY = YES_AGGRESSIVE;
				CLANG_WARN_UNREACHABLE_CODE = YES;
				CLANG_WARN__DUPLICATE_METHOD_MATCH = YES;
				COPY_PHASE_STRIP = NO;
				DEBUG_INFORMATION_FORMAT = dwarf;
				ENABLE_STRICT_OBJC_MSGSEND = YES;
				ENABLE_TESTABILITY = YES;
				ENABLE_USER_SCRIPT_SANDBOXING = NO;
				GCC_C_LANGUAGE_STANDARD = gnu11;
				GCC_DYNAMIC_NO_PIC = NO;
				GCC_NO_COMMON_BLOCKS = YES;
				GCC_OPTIMIZATION_LEVEL = 0;
				GCC_PREPROCESSOR_DEFINITIONS = (
					"$(inherited)",
					"DEBUG=1",
				);
				GCC_WARN_64_TO_32_BIT_CONVERSION = YES;
				GCC_WARN_ABOUT_RETURN_TYPE = YES_ERROR;
				GCC_WARN_UNDECLARED_SELECTOR = YES;
				GCC_WARN_UNINITIALIZED_AUTOS = YES_AGGRESSIVE;
				GCC_WARN_UNUSED_FUNCTION = YES;
				GCC_WARN_UNUSED_VARIABLE = YES;
				MACOSX_DEPLOYMENT_TARGET = 14.0;
				MTL_ENABLE_DEBUG_INFO = INCLUDE_SOURCE;
				MTL_FAST_MATH = YES;
				ONLY_ACTIVE_ARCH = YES;
				PRODUCT_NAME = "$(TARGET_NAME)";
				SDKROOT = macosx;
				SWIFT_ACTIVE_COMPILATION_CONDITIONS = DEBUG;
				SWIFT_OPTIMIZATION_LEVEL = "-Onone";
				SWIFT_VERSION = 6.0;
			};
			name = Debug;
		};
		6478711ACEB5270F5E2B72BA /* Release */ = {
			isa = XCBuildConfiguration;
			buildSettings = {
				ASSETCATALOG_COMPILER_APPICON_NAME = AppIcon;
				CODE_SIGN_IDENTITY = "Apple Development";
				CODE_SIGN_STYLE = Automatic;
				COMBINE_HIDPI_IMAGES = YES;
				CURRENT_PROJECT_VERSION = 4;
				DEVELOPMENT_TEAM = KVGD368RNR;
				ENABLE_HARDENED_RUNTIME = YES;
				GENERATE_INFOPLIST_FILE = NO;
				INFOPLIST_FILE = Apps/MarkwayMac/Info.plist;
				LD_RUNPATH_SEARCH_PATHS = (
					"$(inherited)",
					"@executable_path/../Frameworks",
				);
				MARKETING_VERSION = 0.1.2;
				MARKWAY_SPARKLE_PUBLIC_ED_KEY = "";
				MARKWAY_UPDATE_FEED_URL = "";
				PRODUCT_BUNDLE_IDENTIFIER = com.anupchavan.markway;
				SDKROOT = macosx;
			};
			name = Release;
		};
		B845B6777B7D8E856262C383 /* Release */ = {
			isa = XCBuildConfiguration;
			buildSettings = {
				ALWAYS_SEARCH_USER_PATHS = NO;
				CLANG_ANALYZER_NONNULL = YES;
				CLANG_ANALYZER_NUMBER_OBJECT_CONVERSION = YES_AGGRESSIVE;
				CLANG_CXX_LANGUAGE_STANDARD = "gnu++14";
				CLANG_CXX_LIBRARY = "libc++";
				CLANG_ENABLE_MODULES = YES;
				CLANG_ENABLE_OBJC_ARC = YES;
				CLANG_ENABLE_OBJC_WEAK = YES;
				CLANG_WARN_BLOCK_CAPTURE_AUTORELEASING = YES;
				CLANG_WARN_BOOL_CONVERSION = YES;
				CLANG_WARN_COMMA = YES;
				CLANG_WARN_CONSTANT_CONVERSION = YES;
				CLANG_WARN_DEPRECATED_OBJC_IMPLEMENTATIONS = YES;
				CLANG_WARN_DIRECT_OBJC_ISA_USAGE = YES_ERROR;
				CLANG_WARN_DOCUMENTATION_COMMENTS = YES;
				CLANG_WARN_EMPTY_BODY = YES;
				CLANG_WARN_ENUM_CONVERSION = YES;
				CLANG_WARN_INFINITE_RECURSION = YES;
				CLANG_WARN_INT_CONVERSION = YES;
				CLANG_WARN_NON_LITERAL_NULL_CONVERSION = YES;
				CLANG_WARN_OBJC_IMPLICIT_RETAIN_SELF = YES;
				CLANG_WARN_OBJC_LITERAL_CONVERSION = YES;
				CLANG_WARN_OBJC_ROOT_CLASS = YES_ERROR;
				CLANG_WARN_QUOTED_INCLUDE_IN_FRAMEWORK_HEADER = YES;
				CLANG_WARN_RANGE_LOOP_ANALYSIS = YES;
				CLANG_WARN_STRICT_PROTOTYPES = YES;
				CLANG_WARN_SUSPICIOUS_MOVE = YES;
				CLANG_WARN_UNGUARDED_AVAILABILITY = YES_AGGRESSIVE;
				CLANG_WARN_UNREACHABLE_CODE = YES;
				CLANG_WARN__DUPLICATE_METHOD_MATCH = YES;
				COPY_PHASE_STRIP = NO;
				DEBUG_INFORMATION_FORMAT = "dwarf-with-dsym";
				ENABLE_NS_ASSERTIONS = NO;
				ENABLE_STRICT_OBJC_MSGSEND = YES;
				ENABLE_USER_SCRIPT_SANDBOXING = NO;
				GCC_C_LANGUAGE_STANDARD = gnu11;
				GCC_NO_COMMON_BLOCKS = YES;
				GCC_WARN_64_TO_32_BIT_CONVERSION = YES;
				GCC_WARN_ABOUT_RETURN_TYPE = YES_ERROR;
				GCC_WARN_UNDECLARED_SELECTOR = YES;
				GCC_WARN_UNINITIALIZED_AUTOS = YES_AGGRESSIVE;
				GCC_WARN_UNUSED_FUNCTION = YES;
				GCC_WARN_UNUSED_VARIABLE = YES;
				MACOSX_DEPLOYMENT_TARGET = 14.0;
				MTL_ENABLE_DEBUG_INFO = NO;
				MTL_FAST_MATH = YES;
				PRODUCT_NAME = "$(TARGET_NAME)";
				SDKROOT = macosx;
				SWIFT_COMPILATION_MODE = wholemodule;
				SWIFT_OPTIMIZATION_LEVEL = "-O";
				SWIFT_VERSION = 6.0;
			};
			name = Release;
		};
		C0E3E0307B8C66D5EBE88E62 /* Debug */ = {
			isa = XCBuildConfiguration;
			buildSettings = {
				ASSETCATALOG_COMPILER_APPICON_NAME = AppIcon;
				CODE_SIGN_IDENTITY = "Apple Development";
				CODE_SIGN_STYLE = Automatic;
				COMBINE_HIDPI_IMAGES = YES;
				CURRENT_PROJECT_VERSION = 4;
				DEVELOPMENT_TEAM = KVGD368RNR;
				ENABLE_HARDENED_RUNTIME = YES;
				GENERATE_INFOPLIST_FILE = NO;
				INFOPLIST_FILE = Apps/MarkwayMac/Info.plist;
				LD_RUNPATH_SEARCH_PATHS = (
					"$(inherited)",
					"@executable_path/../Frameworks",
				);
				MARKETING_VERSION = 0.1.2;
				MARKWAY_SPARKLE_PUBLIC_ED_KEY = "";
				MARKWAY_UPDATE_FEED_URL = "";
				PRODUCT_BUNDLE_IDENTIFIER = com.anupchavan.markway;
				SDKROOT = macosx;
			};
			name = Debug;
		};
/* End XCBuildConfiguration section */

/* Begin XCConfigurationList section */
		3473942D76F5DCC83D17631E /* Build configuration list for PBXProject "Markway" */ = {
			isa = XCConfigurationList;
			buildConfigurations = (
				5AA2D898F28AE0ED2770E07B /* Debug */,
				B845B6777B7D8E856262C383 /* Release */,
			);
			defaultConfigurationIsVisible = 0;
			defaultConfigurationName = Debug;
		};
		56A6179AA68A3A4E7C20A00A /* Build configuration list for PBXNativeTarget "Markway" */ = {
			isa = XCConfigurationList;
			buildConfigurations = (
				C0E3E0307B8C66D5EBE88E62 /* Debug */,
				6478711ACEB5270F5E2B72BA /* Release */,
			);
			defaultConfigurationIsVisible = 0;
			defaultConfigurationName = Debug;
		};
/* End XCConfigurationList section */

/* Begin XCLocalSwiftPackageReference section */
		D220BBE6C64CCAF4AF0FE617 /* XCLocalSwiftPackageReference "." */ = {
			isa = XCLocalSwiftPackageReference;
			relativePath = .;
		};
/* End XCLocalSwiftPackageReference section */

/* Begin XCRemoteSwiftPackageReference section */
		60994BC82DA97E69B233668B /* XCRemoteSwiftPackageReference "Sparkle" */ = {
			isa = XCRemoteSwiftPackageReference;
			repositoryURL = "https://github.com/sparkle-project/Sparkle";
			requirement = {
				kind = upToNextMajorVersion;
				minimumVersion = 2.9.0;
			};
		};
/* End XCRemoteSwiftPackageReference section */

/* Begin XCSwiftPackageProductDependency section */
		6035E49ADA7615C2C91D22D8 /* Sparkle */ = {
			isa = XCSwiftPackageProductDependency;
			package = 60994BC82DA97E69B233668B /* XCRemoteSwiftPackageReference "Sparkle" */;
			productName = Sparkle;
		};
		60CE89BDF6C87A295C7E9F81 /* MarkwayCore */ = {
			isa = XCSwiftPackageProductDependency;
			productName = MarkwayCore;
		};
/* End XCSwiftPackageProductDependency section */
	};
	rootObject = 4D234DF3D64EBEC502A36F26 /* Project object */;
}
